
Microsoft Visual Studio Solution File, Format Version 12.00
Project("{FAE04EC0-301F-11D3-BF4B-00C04F79EFBC}") = "productAPI", "productAPI\productAPI.csproj", "{3A2ED5AB-26C4-4297-AD79-20EBC7344158}"
EndProject
Global
	GlobalSection(SolutionConfigurationPlatforms) = preSolution
		Debug|Any CPU = Debug|Any CPU
		Release|Any CPU = Release|Any CPU
	EndGlobalSection
	GlobalSection(ProjectConfigurationPlatforms) = postSolution
		{3A2ED5AB-26C4-4297-AD79-20EBC7344158}.Debug|Any CPU.ActiveCfg = Debug|Any CPU
		{3A2ED5AB-26C4-4297-AD79-20EBC7344158}.Debug|Any CPU.Build.0 = Debug|Any CPU
		{3A2ED5AB-26C4-4297-AD79-20EBC7344158}.Release|Any CPU.ActiveCfg = Release|Any CPU
		{3A2ED5AB-26C4-4297-AD79-20EBC7344158}.Release|Any CPU.Build.0 = Release|Any CPU
	EndGlobalSection
EndGlobal
